
Microsoft Visual Studio Solution File, Format Version 12.00
# Visual Studio Version 17
VisualStudioVersion = 17.7.34202.233
MinimumVisualStudioVersion = 10.0.40219.1
Project("{FAE04EC0-301F-11D3-BF4B-00C04F79EFBC}") = "Hotel.Web", "Hotel.Web\Hotel.Web.csproj", "{1E4CC92E-5463-4DC9-944F-C5CE8A4649E1}"
EndProject
Project("{FAE04EC0-301F-11D3-BF4B-00C04F79EFBC}") = "Hotel.Models", "Hotel.Models\Hotel.Models.csproj", "{CEF659E7-FD3D-488D-B5EB-C78ED3A09710}"
EndProject
Project("{FAE04EC0-301F-11D3-BF4B-00C04F79EFBC}") = "Hotel.Repositories", "Hotel.Repositories\Hotel.Repositories.csproj", "{CC5DF3D5-3518-40B8-846B-C3E2CF93FB88}"
EndProject
Project("{FAE04EC0-301F-11D3-BF4B-00C04F79EFBC}") = "Hotel.Services", "Hotel.Services\Hotel.Services.csproj", "{2C0CEFAA-F3B6-41AC-8F44-8B6F083E909D}"
EndProject
Project("{FAE04EC0-301F-11D3-BF4B-00C04F79EFBC}") = "Hotel.Utilities", "Hotel.Utilities\Hotel.Utilities.csproj", "{80CF8B63-C3B9-4C5E-ABA2-90BC4A7FB140}"
EndProject
Project("{FAE04EC0-301F-11D3-BF4B-00C04F79EFBC}") = "Hotel.ViewModels", "Hotel.ViewModels\Hotel.ViewModels.csproj", "{A4199F6C-735C-4627-A7BA-84851D307FF0}"
EndProject
Global
	GlobalSection(SolutionConfigurationPlatforms) = preSolution
		Debug|Any CPU = Debug|Any CPU
		Release|Any CPU = Release|Any CPU
	EndGlobalSection
	GlobalSection(ProjectConfigurationPlatforms) = postSolution
		{1E4CC92E-5463-4DC9-944F-C5CE8A4649E1}.Debug|Any CPU.ActiveCfg = Debug|Any CPU
		{1E4CC92E-5463-4DC9-944F-C5CE8A4649E1}.Debug|Any CPU.Build.0 = Debug|Any CPU
		{1E4CC92E-5463-4DC9-944F-C5CE8A4649E1}.Release|Any CPU.ActiveCfg = Release|Any CPU
		{1E4CC92E-5463-4DC9-944F-C5CE8A4649E1}.Release|Any CPU.Build.0 = Release|Any CPU
		{CEF659E7-FD3D-488D-B5EB-C78ED3A09710}.Debug|Any CPU.ActiveCfg = Debug|Any CPU
		{CEF659E7-FD3D-488D-B5EB-C78ED3A09710}.Debug|Any CPU.Build.0 = Debug|Any CPU
		{CEF659E7-FD3D-488D-B5EB-C78ED3A09710}.Release|Any CPU.ActiveCfg = Release|Any CPU
		{CEF659E7-FD3D-488D-B5EB-C78ED3A09710}.Release|Any CPU.Build.0 = Release|Any CPU
		{CC5DF3D5-3518-40B8-846B-C3E2CF93FB88}.Debug|Any CPU.ActiveCfg = Debug|Any CPU
		{CC5DF3D5-3518-40B8-846B-C3E2CF93FB88}.Debug|Any CPU.Build.0 = Debug|Any CPU
		{CC5DF3D5-3518-40B8-846B-C3E2CF93FB88}.Release|Any CPU.ActiveCfg = Release|Any CPU
		{CC5DF3D5-3518-40B8-846B-C3E2CF93FB88}.Release|Any CPU.Build.0 = Release|Any CPU
		{2C0CEFAA-F3B6-41AC-8F44-8B6F083E909D}.Debug|Any CPU.ActiveCfg = Debug|Any CPU
		{2C0CEFAA-F3B6-41AC-8F44-8B6F083E909D}.Debug|Any CPU.Build.0 = Debug|Any CPU
		{2C0CEFAA-F3B6-41AC-8F44-8B6F083E909D}.Release|Any CPU.ActiveCfg = Release|Any CPU
		{2C0CEFAA-F3B6-41AC-8F44-8B6F083E909D}.Release|Any CPU.Build.0 = Release|Any CPU
		{80CF8B63-C3B9-4C5E-ABA2-90BC4A7FB140}.Debug|Any CPU.ActiveCfg = Debug|Any CPU
		{80CF8B63-C3B9-4C5E-ABA2-90BC4A7FB140}.Debug|Any CPU.Build.0 = Debug|Any CPU
		{80CF8B63-C3B9-4C5E-ABA2-90BC4A7FB140}.Release|Any CPU.ActiveCfg = Release|Any CPU
		{80CF8B63-C3B9-4C5E-ABA2-90BC4A7FB140}.Release|Any CPU.Build.0 = Release|Any CPU
		{A4199F6C-735C-4627-A7BA-84851D307FF0}.Debug|Any CPU.ActiveCfg = Debug|Any CPU
		{A4199F6C-735C-4627-A7BA-84851D307FF0}.Debug|Any CPU.Build.0 = Debug|Any CPU
		{A4199F6C-735C-4627-A7BA-84851D307FF0}.Release|Any CPU.ActiveCfg = Release|Any CPU
		{A4199F6C-735C-4627-A7BA-84851D307FF0}.Release|Any CPU.Build.0 = Release|Any CPU
	EndGlobalSection
	GlobalSection(SolutionProperties) = preSolution
		HideSolutionNode = FALSE
	EndGlobalSection
	GlobalSection(ExtensibilityGlobals) = postSolution
		SolutionGuid = {95FC7F8E-3EAD-495E-8CFE-A63D26A19D3A}
	EndGlobalSection
EndGlobal
